
Microsoft Visual Studio Solution File, Format Version 12.00
# Visual Studio 2013
VisualStudioVersion = 12.0.30110.0
MinimumVisualStudioVersion = 10.0.40219.1
Project("{E24C65DC-7377-472B-9ABA-BC803B73C61A}") = "website(5)", "http://localhost:60683", "{43D438E1-A223-44A7-AA25-C235B6ABD793}"
	ProjectSection(WebsiteProperties) = preProject
		UseIISExpress = "true"
		TargetFrameworkMoniker = ".NETFramework,Version%3Dv4.0"
		ProjectReferences = "{667d623b-a256-4248-aa35-918e42edbdc3}|DataLayer.dll;{F92F94E1-EB62-4DBA-82E5-5F72C6EAB9FE}|DBHelper.dll;{485436A7-07A3-4DC2-8B67-2EB4F36C9AFC}|Entity.dll;{974004dc-a12a-4b93-99f4-8a2087eab7b5}|AmazonLayer.dll;"
		Debug.AspNetCompiler.VirtualPath = "/localhost_60683"
		Debug.AspNetCompiler.PhysicalPath = "website\"
		Debug.AspNetCompiler.TargetPath = "PrecompiledWeb\localhost_60683\"
		Debug.AspNetCompiler.Updateable = "true"
		Debug.AspNetCompiler.ForceOverwrite = "true"
		Debug.AspNetCompiler.FixedNames = "false"
		Debug.AspNetCompiler.Debug = "True"
		Release.AspNetCompiler.VirtualPath = "/localhost_60683"
		Release.AspNetCompiler.PhysicalPath = "website\"
		Release.AspNetCompiler.TargetPath = "PrecompiledWeb\localhost_60683\"
		Release.AspNetCompiler.Updateable = "true"
		Release.AspNetCompiler.ForceOverwrite = "true"
		Release.AspNetCompiler.FixedNames = "false"
		Release.AspNetCompiler.Debug = "False"
		SlnRelativePath = "website\"
	EndProjectSection
EndProject
Project("{FAE04EC0-301F-11D3-BF4B-00C04F79EFBC}") = "DataLayer", "DataLayer\DataLayer.csproj", "{667D623B-A256-4248-AA35-918E42EDBDC3}"
EndProject
Project("{FAE04EC0-301F-11D3-BF4B-00C04F79EFBC}") = "DBHelper", "DBHelper\DBHelper.csproj", "{F92F94E1-EB62-4DBA-82E5-5F72C6EAB9FE}"
EndProject
Project("{FAE04EC0-301F-11D3-BF4B-00C04F79EFBC}") = "Entity", "Entity\Entity.csproj", "{485436A7-07A3-4DC2-8B67-2EB4F36C9AFC}"
EndProject
Project("{FAE04EC0-301F-11D3-BF4B-00C04F79EFBC}") = "AmazonLayer", "AmazonLayer\AmazonLayer\AmazonLayer.csproj", "{974004DC-A12A-4B93-99F4-8A2087EAB7B5}"
EndProject
Global
	GlobalSection(SolutionConfigurationPlatforms) = preSolution
		Debug|Any CPU = Debug|Any CPU
		Release|Any CPU = Release|Any CPU
	EndGlobalSection
	GlobalSection(ProjectConfigurationPlatforms) = postSolution
		{43D438E1-A223-44A7-AA25-C235B6ABD793}.Debug|Any CPU.ActiveCfg = Debug|Any CPU
		{43D438E1-A223-44A7-AA25-C235B6ABD793}.Debug|Any CPU.Build.0 = Debug|Any CPU
		{43D438E1-A223-44A7-AA25-C235B6ABD793}.Release|Any CPU.ActiveCfg = Debug|Any CPU
		{43D438E1-A223-44A7-AA25-C235B6ABD793}.Release|Any CPU.Build.0 = Debug|Any CPU
		{667D623B-A256-4248-AA35-918E42EDBDC3}.Debug|Any CPU.ActiveCfg = Debug|Any CPU
		{667D623B-A256-4248-AA35-918E42EDBDC3}.Debug|Any CPU.Build.0 = Debug|Any CPU
		{667D623B-A256-4248-AA35-918E42EDBDC3}.Release|Any CPU.ActiveCfg = Release|Any CPU
		{667D623B-A256-4248-AA35-918E42EDBDC3}.Release|Any CPU.Build.0 = Release|Any CPU
		{F92F94E1-EB62-4DBA-82E5-5F72C6EAB9FE}.Debug|Any CPU.ActiveCfg = Debug|Any CPU
		{F92F94E1-EB62-4DBA-82E5-5F72C6EAB9FE}.Debug|Any CPU.Build.0 = Debug|Any CPU
		{F92F94E1-EB62-4DBA-82E5-5F72C6EAB9FE}.Release|Any CPU.ActiveCfg = Release|Any CPU
		{F92F94E1-EB62-4DBA-82E5-5F72C6EAB9FE}.Release|Any CPU.Build.0 = Release|Any CPU
		{485436A7-07A3-4DC2-8B67-2EB4F36C9AFC}.Debug|Any CPU.ActiveCfg = Debug|Any CPU
		{485436A7-07A3-4DC2-8B67-2EB4F36C9AFC}.Debug|Any CPU.Build.0 = Debug|Any CPU
		{485436A7-07A3-4DC2-8B67-2EB4F36C9AFC}.Release|Any CPU.ActiveCfg = Release|Any CPU
		{485436A7-07A3-4DC2-8B67-2EB4F36C9AFC}.Release|Any CPU.Build.0 = Release|Any CPU
		{974004DC-A12A-4B93-99F4-8A2087EAB7B5}.Debug|Any CPU.ActiveCfg = Debug|Any CPU
		{974004DC-A12A-4B93-99F4-8A2087EAB7B5}.Debug|Any CPU.Build.0 = Debug|Any CPU
		{974004DC-A12A-4B93-99F4-8A2087EAB7B5}.Release|Any CPU.ActiveCfg = Release|Any CPU
		{974004DC-A12A-4B93-99F4-8A2087EAB7B5}.Release|Any CPU.Build.0 = Release|Any CPU
	EndGlobalSection
	GlobalSection(SolutionProperties) = preSolution
		HideSolutionNode = FALSE
	EndGlobalSection
EndGlobal
